
Microsoft Visual Studio Solution File, Format Version 12.00
# Visual Studio Version 17
VisualStudioVersion = 17.7.34031.279
MinimumVisualStudioVersion = 10.0.40219.1
Project("{FAE04EC0-301F-11D3-BF4B-00C04F79EFBC}") = "WindowsFormsApp3", "WindowsFormsApp3\WindowsFormsApp3.csproj", "{D2E69A04-1593-4E82-96E1-42D0F65C5071}"
EndProject
Global
	GlobalSection(SolutionConfigurationPlatforms) = preSolution
		Debug|Any CPU = Debug|Any CPU
		Release|Any CPU = Release|Any CPU
	EndGlobalSection
	GlobalSection(ProjectConfigurationPlatforms) = postSolution
		{D2E69A04-1593-4E82-96E1-42D0F65C5071}.Debug|Any CPU.ActiveCfg = Debug|Any CPU
		{D2E69A04-1593-4E82-96E1-42D0F65C5071}.Debug|Any CPU.Build.0 = Debug|Any CPU
		{D2E69A04-1593-4E82-96E1-42D0F65C5071}.Release|Any CPU.ActiveCfg = Release|Any CPU
		{D2E69A04-1593-4E82-96E1-42D0F65C5071}.Release|Any CPU.Build.0 = Release|Any CPU
	EndGlobalSection
	GlobalSection(SolutionProperties) = preSolution
		HideSolutionNode = FALSE
	EndGlobalSection
	GlobalSection(ExtensibilityGlobals) = postSolution
		SolutionGuid = {0D35307A-8117-45FA-A258-1F74B6395CC7}
	EndGlobalSection
EndGlobal
